{
  "name": "vuedemo",
  "version": "1.0.0",
  "lockfileVersion": 1,
  "requires": true,
  "dependencies": {
    "date-now": {
      "version": "1.0.1",
      "resolved": "http://registry.npm.taobao.org/date-now/download/date-now-1.0.1.tgz",
      "integrity": "sha1-u30IZDjevkGCpIX7PfP7+5nWFTw="
    }
  }
}
